
Microsoft Visual Studio Solution File, Format Version 12.00
# Visual Studio Version 17
VisualStudioVersion = 17.5.33414.496
MinimumVisualStudioVersion = 10.0.40219.1
Project("{FAE04EC0-301F-11D3-BF4B-00C04F79EFBC}") = "PatternMediatorWithMediatorR", "PatternMediatorWithMediatorR\PatternMediatorWithMediatorR.csproj", "{74D7ACDB-2A3E-4371-B510-756BE1AB1626}"
EndProject
Global
	GlobalSection(SolutionConfigurationPlatforms) = preSolution
		Debug|Any CPU = Debug|Any CPU
		Release|Any CPU = Release|Any CPU
	EndGlobalSection
	GlobalSection(ProjectConfigurationPlatforms) = postSolution
		{74D7ACDB-2A3E-4371-B510-756BE1AB1626}.Debug|Any CPU.ActiveCfg = Debug|Any CPU
		{74D7ACDB-2A3E-4371-B510-756BE1AB1626}.Debug|Any CPU.Build.0 = Debug|Any CPU
		{74D7ACDB-2A3E-4371-B510-756BE1AB1626}.Release|Any CPU.ActiveCfg = Release|Any CPU
		{74D7ACDB-2A3E-4371-B510-756BE1AB1626}.Release|Any CPU.Build.0 = Release|Any CPU
	EndGlobalSection
	GlobalSection(SolutionProperties) = preSolution
		HideSolutionNode = FALSE
	EndGlobalSection
	GlobalSection(ExtensibilityGlobals) = postSolution
		SolutionGuid = {6224D78A-2524-4432-9102-406E6B1E0B2A}
	EndGlobalSection
EndGlobal
